{
  "version": 4,
  "terraform_version": "1.5.7",
  "serial": 284,
  "lineage": "a2f4ec5d-68ee-3787-e709-51e44190bee2",
  "outputs": {},
  "resources": [
    {
      "module": "module.db",
      "mode": "managed",
      "type": "aws_dynamodb_table",
      "name": "metadata_table",
      "provider": "provider[\"registry.terraform.io/hashicorp/aws\"]",
      "instances": [
        {
          "schema_version": 1,
          "attributes": {
            "arn": "arn:aws:dynamodb:ap-southeast-2:068410981068:table/file-metadata",
            "attribute": [
              {
                "name": "file_id",
                "type": "S"
              }
            ],
            "billing_mode": "PAY_PER_REQUEST",
            "deletion_protection_enabled": false,
            "global_secondary_index": [],
            "global_table_witness": [],
            "hash_key": "file_id",
            "id": "file-metadata",
            "import_table": [],
            "local_secondary_index": [],
            "name": "file-metadata",
            "on_demand_throughput": [],
            "point_in_time_recovery": [
              {
                "enabled": false,
                "recovery_period_in_days": 0
              }
            ],
            "range_key": null,
            "read_capacity": 0,
            "region": "ap-southeast-2",
            "replica": [],
            "restore_date_time": null,
            "restore_source_name": null,
            "restore_source_table_arn": null,
            "restore_to_latest_time": null,
            "server_side_encryption": [],
            "stream_arn": "",
            "stream_enabled": false,
            "stream_label": "",
            "stream_view_type": "",
            "table_class": "STANDARD",
            "tags": {},
            "tags_all": {},
            "timeouts": null,
            "ttl": [
              {
                "attribute_name": "",
                "enabled": false
              }
            ],
            "warm_throughput": [],
            "write_capacity": 0
          },
          "sensitive_attributes": [],
          "private": "eyJlMmJmYjczMC1lY2FhLTExZTYtOGY4OC0zNDM2M2JjN2M0YzAiOnsiY3JlYXRlIjoxODAwMDAwMDAwMDAwLCJkZWxldGUiOjYwMDAwMDAwMDAwMCwidXBkYXRlIjozNjAwMDAwMDAwMDAwfSwic2NoZW1hX3ZlcnNpb24iOiIxIn0="
        }
      ]
    },
    {
      "module": "module.iam",
      "mode": "managed",
      "type": "aws_iam_role",
      "name": "lambda_role",
      "provider": "provider[\"registry.terraform.io/hashicorp/aws\"]",
      "instances": [
        {
          "schema_version": 0,
          "attributes": {
            "arn": "arn:aws:iam::068410981068:role/lambda-s3-role",
            "assume_role_policy": "{\"Statement\":[{\"Action\":\"sts:AssumeRole\",\"Effect\":\"Allow\",\"Principal\":{\"Service\":\"lambda.amazonaws.com\"}}],\"Version\":\"2012-10-17\"}",
            "create_date": "2026-03-11T11:09:44Z",
            "description": "",
            "force_detach_policies": false,
            "id": "lambda-s3-role",
            "inline_policy": [
              {
                "name": "terraform-20260311110956590700000001",
                "policy": "{\"Version\":\"2012-10-17\",\"Statement\":[{\"Action\":[\"s3:GetObject\",\"s3:PutObject\"],\"Effect\":\"Allow\",\"Resource\":\"arn:aws:s3:::s3-bucket-cloud-project-2026/*\"},{\"Action\":[\"s3:ListBucket\"],\"Effect\":\"Allow\",\"Resource\":\"arn:aws:s3:::s3-bucket-cloud-project-2026\"},{\"Action\":[\"dynamodb:PutItem\"],\"Effect\":\"Allow\",\"Resource\":\"arn:aws:dynamodb:ap-southeast-2:068410981068:table/file-metadata\"},{\"Action\":[\"logs:*\"],\"Effect\":\"Allow\",\"Resource\":\"*\"}]}"
              }
            ],
            "managed_policy_arns": [],
            "max_session_duration": 3600,
            "name": "lambda-s3-role",
            "name_prefix": "",
            "path": "/",
            "permissions_boundary": "",
            "tags": {},
            "tags_all": {},
            "unique_id": "AROAQ73M4XLGLTMI6UWJN"
          },
          "sensitive_attributes": [],
          "private": "bnVsbA=="
        }
      ]
    },
    {
      "module": "module.iam",
      "mode": "managed",
      "type": "aws_iam_role_policy",
      "name": "lambda-policy",
      "provider": "provider[\"registry.terraform.io/hashicorp/aws\"]",
      "instances": [
        {
          "schema_version": 0,
          "attributes": {
            "id": "lambda-s3-role:terraform-20260311110956590700000001",
            "name": "terraform-20260311110956590700000001",
            "name_prefix": "terraform-",
            "policy": "{\"Version\":\"2012-10-17\",\"Statement\":[{\"Action\":[\"s3:GetObject\",\"s3:PutObject\"],\"Effect\":\"Allow\",\"Resource\":\"arn:aws:s3:::s3-bucket-cloud-project-2026/*\"},{\"Action\":[\"s3:ListBucket\"],\"Effect\":\"Allow\",\"Resource\":\"arn:aws:s3:::s3-bucket-cloud-project-2026\"},{\"Action\":[\"dynamodb:PutItem\"],\"Effect\":\"Allow\",\"Resource\":\"arn:aws:dynamodb:ap-southeast-2:068410981068:table/file-metadata\"},{\"Action\":[\"logs:*\"],\"Effect\":\"Allow\",\"Resource\":\"*\"}]}",
            "role": "lambda-s3-role"
          },
          "sensitive_attributes": [],
          "private": "bnVsbA==",
          "dependencies": [
            "module.db.aws_dynamodb_table.metadata_table",
            "module.iam.aws_iam_role.lambda_role",
            "module.s3.aws_s3_bucket.this"
          ]
        }
      ]
    },
    {
      "module": "module.lambda-func",
      "mode": "data",
      "type": "archive_file",
      "name": "pillow",
      "provider": "provider[\"registry.terraform.io/hashicorp/archive\"]",
      "instances": [
        {
          "schema_version": 0,
          "attributes": {
            "exclude_symlink_directories": null,
            "excludes": null,
            "id": "ccd0f949d1f6e778c405ad5486f37681a60937ca",
            "output_base64sha256": "Wbl3a8EIndPed0LtWzbcYDxOqyOmIKbFdIa1oYKzbUI=",
            "output_base64sha512": "98PBIl43ZsDXOwOU5uaTvvkMoDjHLTe9UFTmOKyii+R4SiIhc/OA0VC/MERv/iabPM7yNoqx6hzd6JHFOHTzHg==",
            "output_file_mode": null,
            "output_md5": "fcc055431b076499cd6fb587d557b08a",
            "output_path": "../../modules/lambda/layer.zip",
            "output_sha": "ccd0f949d1f6e778c405ad5486f37681a60937ca",
            "output_sha256": "59b9776bc1089dd3de7742ed5b36dc603c4eab23a620a6c57486b5a182b36d42",
            "output_sha512": "f7c3c1225e3766c0d73b0394e6e693bef90ca038c72d37bd5054e638aca28be4784a222173f380d150bf30446ffe269b3ccef2368ab1ea1cdde891c53874f31e",
            "output_size": 42587463,
            "source": [],
            "source_content": null,
            "source_content_filename": null,
            "source_dir": "../../modules/lambda/layer",
            "source_file": null,
            "type": "zip"
          },
          "sensitive_attributes": []
        }
      ]
    },
    {
      "module": "module.lambda-func",
      "mode": "data",
      "type": "archive_file",
      "name": "zip",
      "provider": "provider[\"registry.terraform.io/hashicorp/archive\"]",
      "instances": [
        {
          "schema_version": 0,
          "attributes": {
            "exclude_symlink_directories": null,
            "excludes": null,
            "id": "807e0f1176421949a1466f69a107f028abc64209",
            "output_base64sha256": "7p4yIICSS7+bmXzIDo7amka7XyKTzzZU8ChrCLZPW08=",
            "output_base64sha512": "DAa9OO1DNJf5UeAv/U+JXb/7rWod1VSNXhz1xvJ9l2+cdUMveUG9h55knCB3u5u0QAQORaLAkA165o1HMyIucQ==",
            "output_file_mode": null,
            "output_md5": "44f8651022b3c71ec39d8401fcaa88b7",
            "output_path": "../../modules/lambda/lambda.zip",
            "output_sha": "807e0f1176421949a1466f69a107f028abc64209",
            "output_sha256": "ee9e322080924bbf9b997cc80e8eda9a46bb5f2293cf3654f0286b08b64f5b4f",
            "output_sha512": "0c06bd38ed433497f951e02ffd4f895dbffbad6a1dd5548d5e1cf5c6f27d976f9c75432f7941bd879e649c2077bb9bb440040e45a2c0900d7ae68d4733222e71",
            "output_size": 911,
            "source": [],
            "source_content": null,
            "source_content_filename": null,
            "source_dir": null,
            "source_file": "../../modules/lambda/lambda-file/lambda.py",
            "type": "zip"
          },
          "sensitive_attributes": []
        }
      ]
    },
    {
      "module": "module.lambda-func",
      "mode": "managed",
      "type": "aws_lambda_function",
      "name": "this",
      "provider": "provider[\"registry.terraform.io/hashicorp/aws\"]",
      "instances": [
        {
          "schema_version": 0,
          "attributes": {
            "architectures": [
              "arm64"
            ],
            "arn": "arn:aws:lambda:ap-southeast-2:068410981068:function:file-resizer",
            "capacity_provider_config": [],
            "code_sha256": "7p4yIICSS7+bmXzIDo7amka7XyKTzzZU8ChrCLZPW08=",
            "code_signing_config_arn": "",
            "dead_letter_config": [],
            "description": "",
            "durable_config": [],
            "environment": [],
            "ephemeral_storage": [
              {
                "size": 512
              }
            ],
            "file_system_config": [],
            "filename": "../../modules/lambda/lambda.zip",
            "function_name": "file-resizer",
            "handler": "lambda.lambda_handler",
            "id": "file-resizer",
            "image_config": [],
            "image_uri": "",
            "invoke_arn": "arn:aws:apigateway:ap-southeast-2:lambda:path/2015-03-31/functions/arn:aws:lambda:ap-southeast-2:068410981068:function:file-resizer/invocations",
            "kms_key_arn": "",
            "last_modified": "2026-03-11T11:22:32.000+0000",
            "layers": [
              "arn:aws:lambda:ap-southeast-2:068410981068:layer:pillow-layer:7"
            ],
            "logging_config": [
              {
                "application_log_level": "",
                "log_format": "Text",
                "log_group": "/aws/lambda/file-resizer",
                "system_log_level": ""
              }
            ],
            "memory_size": 128,
            "package_type": "Zip",
            "publish": false,
            "publish_to": null,
            "qualified_arn": "arn:aws:lambda:ap-southeast-2:068410981068:function:file-resizer:$LATEST",
            "qualified_invoke_arn": "arn:aws:apigateway:ap-southeast-2:lambda:path/2015-03-31/functions/arn:aws:lambda:ap-southeast-2:068410981068:function:file-resizer:$LATEST/invocations",
            "region": "ap-southeast-2",
            "replace_security_groups_on_destroy": null,
            "replacement_security_group_ids": null,
            "reserved_concurrent_executions": -1,
            "response_streaming_invoke_arn": "arn:aws:apigateway:ap-southeast-2:lambda:path/2021-11-15/functions/arn:aws:lambda:ap-southeast-2:068410981068:function:file-resizer/response-streaming-invocations",
            "role": "arn:aws:iam::068410981068:role/lambda-s3-role",
            "runtime": "python3.10",
            "s3_bucket": null,
            "s3_key": null,
            "s3_object_version": null,
            "signing_job_arn": "",
            "signing_profile_version_arn": "",
            "skip_destroy": false,
            "snap_start": [],
            "source_code_hash": "7p4yIICSS7+bmXzIDo7amka7XyKTzzZU8ChrCLZPW08=",
            "source_code_size": 911,
            "source_kms_key_arn": "",
            "tags": {},
            "tags_all": {},
            "tenancy_config": [],
            "timeout": 3,
            "timeouts": null,
            "tracing_config": [
              {
                "mode": "PassThrough"
              }
            ],
            "version": "$LATEST",
            "vpc_config": []
          },
          "sensitive_attributes": [],
          "private": "eyJlMmJmYjczMC1lY2FhLTExZTYtOGY4OC0zNDM2M2JjN2M0YzAiOnsiY3JlYXRlIjo2MDAwMDAwMDAwMDAsImRlbGV0ZSI6NjAwMDAwMDAwMDAwLCJ1cGRhdGUiOjYwMDAwMDAwMDAwMH19",
          "dependencies": [
            "module.iam.aws_iam_role.lambda_role",
            "module.lambda-func.aws_lambda_layer_version.pillow",
            "module.lambda-func.data.archive_file.zip"
          ]
        }
      ]
    },
    {
      "module": "module.lambda-func",
      "mode": "managed",
      "type": "aws_lambda_layer_version",
      "name": "pillow",
      "provider": "provider[\"registry.terraform.io/hashicorp/aws\"]",
      "instances": [
        {
          "schema_version": 0,
          "attributes": {
            "arn": "arn:aws:lambda:ap-southeast-2:068410981068:layer:pillow-layer:7",
            "code_sha256": "Wbl3a8EIndPed0LtWzbcYDxOqyOmIKbFdIa1oYKzbUI=",
            "compatible_architectures": [],
            "compatible_runtimes": [
              "python3.10"
            ],
            "created_date": "2026-03-11T11:11:45.674+0000",
            "description": "",
            "filename": "../../modules/lambda/layer.zip",
            "id": "arn:aws:lambda:ap-southeast-2:068410981068:layer:pillow-layer:7",
            "layer_arn": "arn:aws:lambda:ap-southeast-2:068410981068:layer:pillow-layer",
            "layer_name": "pillow-layer",
            "license_info": "",
            "region": "ap-southeast-2",
            "s3_bucket": null,
            "s3_key": null,
            "s3_object_version": null,
            "signing_job_arn": "",
            "signing_profile_version_arn": "",
            "skip_destroy": false,
            "source_code_hash": "",
            "source_code_size": 42587463,
            "version": "7"
          },
          "sensitive_attributes": [],
          "private": "bnVsbA==",
          "dependencies": [
            "module.lambda-func.data.archive_file.pillow"
          ]
        }
      ]
    },
    {
      "module": "module.s3",
      "mode": "managed",
      "type": "aws_s3_bucket",
      "name": "this",
      "provider": "provider[\"registry.terraform.io/hashicorp/aws\"]",
      "instances": [
        {
          "schema_version": 0,
          "attributes": {
            "acceleration_status": "",
            "acl": null,
            "arn": "arn:aws:s3:::s3-bucket-cloud-project-2026",
            "bucket": "s3-bucket-cloud-project-2026",
            "bucket_domain_name": "s3-bucket-cloud-project-2026.s3.amazonaws.com",
            "bucket_prefix": "",
            "bucket_region": "ap-southeast-2",
            "bucket_regional_domain_name": "s3-bucket-cloud-project-2026.s3.ap-southeast-2.amazonaws.com",
            "cors_rule": [],
            "force_destroy": false,
            "grant": [
              {
                "id": "45a31ea68d68d04b0f151996161418ad0c556e6673c4adb0da420b8f5c95987f",
                "permissions": [
                  "FULL_CONTROL"
                ],
                "type": "CanonicalUser",
                "uri": ""
              }
            ],
            "hosted_zone_id": "Z1WCIGYICN2BYD",
            "id": "s3-bucket-cloud-project-2026",
            "lifecycle_rule": [],
            "logging": [],
            "object_lock_configuration": [],
            "object_lock_enabled": false,
            "policy": "",
            "region": "ap-southeast-2",
            "replication_configuration": [],
            "request_payer": "BucketOwner",
            "server_side_encryption_configuration": [
              {
                "rule": [
                  {
                    "apply_server_side_encryption_by_default": [
                      {
                        "kms_master_key_id": "",
                        "sse_algorithm": "AES256"
                      }
                    ],
                    "bucket_key_enabled": false
                  }
                ]
              }
            ],
            "tags": {
              "Name": "tp-my-s3-bucket"
            },
            "tags_all": {
              "Name": "tp-my-s3-bucket"
            },
            "timeouts": null,
            "versioning": [
              {
                "enabled": false,
                "mfa_delete": false
              }
            ],
            "website": [],
            "website_domain": null,
            "website_endpoint": null
          },
          "sensitive_attributes": [],
          "private": "eyJlMmJmYjczMC1lY2FhLTExZTYtOGY4OC0zNDM2M2JjN2M0YzAiOnsiY3JlYXRlIjoxMjAwMDAwMDAwMDAwLCJkZWxldGUiOjM2MDAwMDAwMDAwMDAsInJlYWQiOjEyMDAwMDAwMDAwMDAsInVwZGF0ZSI6MTIwMDAwMDAwMDAwMH19"
        }
      ]
    },
    {
      "module": "module.s3",
      "mode": "managed",
      "type": "aws_s3_bucket_public_access_block",
      "name": "this",
      "provider": "provider[\"registry.terraform.io/hashicorp/aws\"]",
      "instances": [
        {
          "schema_version": 0,
          "attributes": {
            "block_public_acls": true,
            "block_public_policy": true,
            "bucket": "s3-bucket-cloud-project-2026",
            "id": "s3-bucket-cloud-project-2026",
            "ignore_public_acls": true,
            "region": "ap-southeast-2",
            "restrict_public_buckets": true,
            "skip_destroy": null
          },
          "sensitive_attributes": [],
          "private": "bnVsbA==",
          "dependencies": [
            "module.s3.aws_s3_bucket.this"
          ]
        }
      ]
    },
    {
      "module": "module.s3-trigger",
      "mode": "managed",
      "type": "aws_lambda_permission",
      "name": "allow-s3",
      "provider": "provider[\"registry.terraform.io/hashicorp/aws\"]",
      "instances": [
        {
          "schema_version": 0,
          "attributes": {
            "action": "lambda:InvokeFunction",
            "event_source_token": null,
            "function_name": "file-resizer",
            "function_url_auth_type": null,
            "id": "AllowExecutionFromS3",
            "invoked_via_function_url": null,
            "principal": "s3.amazonaws.com",
            "principal_org_id": null,
            "qualifier": "",
            "region": "ap-southeast-2",
            "source_account": null,
            "source_arn": "arn:aws:s3:::s3-bucket-cloud-project-2026",
            "statement_id": "AllowExecutionFromS3",
            "statement_id_prefix": ""
          },
          "sensitive_attributes": [],
          "private": "bnVsbA==",
          "dependencies": [
            "module.iam.aws_iam_role.lambda_role",
            "module.lambda-func.aws_lambda_function.this",
            "module.lambda-func.aws_lambda_layer_version.pillow",
            "module.lambda-func.data.archive_file.pillow",
            "module.lambda-func.data.archive_file.zip",
            "module.s3.aws_s3_bucket.this"
          ]
        }
      ]
    },
    {
      "module": "module.s3-trigger",
      "mode": "managed",
      "type": "aws_s3_bucket_notification",
      "name": "noti",
      "provider": "provider[\"registry.terraform.io/hashicorp/aws\"]",
      "instances": [
        {
          "schema_version": 0,
          "attributes": {
            "bucket": "s3-bucket-cloud-project-2026",
            "eventbridge": false,
            "id": "s3-bucket-cloud-project-2026",
            "lambda_function": [
              {
                "events": [
                  "s3:ObjectCreated:*"
                ],
                "filter_prefix": "uploads/",
                "filter_suffix": "",
                "id": "tf-s3-lambda-20260311111152876800000002",
                "lambda_function_arn": "arn:aws:lambda:ap-southeast-2:068410981068:function:file-resizer"
              }
            ],
            "queue": [],
            "region": "ap-southeast-2",
            "topic": []
          },
          "sensitive_attributes": [],
          "private": "bnVsbA==",
          "dependencies": [
            "module.iam.aws_iam_role.lambda_role",
            "module.lambda-func.aws_lambda_function.this",
            "module.lambda-func.aws_lambda_layer_version.pillow",
            "module.lambda-func.data.archive_file.pillow",
            "module.lambda-func.data.archive_file.zip",
            "module.s3-trigger.aws_lambda_permission.allow-s3",
            "module.s3.aws_s3_bucket.this"
          ]
        }
      ]
    }
  ],
  "check_results": null
}
